
Microsoft Visual Studio Solution File, Format Version 12.00
# Visual Studio Version 17
VisualStudioVersion = 17.9.34723.18
MinimumVisualStudioVersion = 10.0.40219.1
Project("{9A19103F-16F7-4668-BE54-9A1E7A4F7556}") = "Engine", "Engine\Engine.csproj", "{268A4355-AAA9-40C2-8DC0-AF754BED0731}"
EndProject
Project("{9A19103F-16F7-4668-BE54-9A1E7A4F7556}") = "Engine.Tests", "Engine.Tests\Engine.Tests.csproj", "{298FFC6C-6460-4225-B86A-DD1A058F0F5B}"
EndProject
Project("{9A19103F-16F7-4668-BE54-9A1E7A4F7556}") = "Machine1", "Machine1\Machine1.csproj", "{775473FB-BEA4-4ED5-BA6D-A0BD88FD00F3}"
EndProject
Project("{9A19103F-16F7-4668-BE54-9A1E7A4F7556}") = "Machine2", "Machine2\Machine2.csproj", "{4F793A0A-D977-4DB2-8027-794A83C98B50}"
EndProject
Project("{FAE04EC0-301F-11D3-BF4B-00C04F79EFBC}") = "ChatHub", "ChatHub\ChatHub.csproj", "{9970459F-E074-4FFC-9C4B-66F30A47ACAB}"
EndProject
Project("{FAE04EC0-301F-11D3-BF4B-00C04F79EFBC}") = "Engine.Client", "Engine.Client\Engine.Client.csproj", "{B78BE837-936A-40AE-B775-B4B2D6B31AB3}"
EndProject
Project("{FAE04EC0-301F-11D3-BF4B-00C04F79EFBC}") = "Engine.Server", "Engine.Server\Engine.Server.csproj", "{730A922B-672C-4858-A1A1-5ED6CE7062AD}"
EndProject
Project("{FAE04EC0-301F-11D3-BF4B-00C04F79EFBC}") = "Engine.ClientTest", "Engine.ClientTest\Engine.ClientTest.csproj", "{5133676A-12B3-4726-A7F9-CC378C78285D}"
EndProject
Project("{FAE04EC0-301F-11D3-BF4B-00C04F79EFBC}") = "Engine.ServerTest", "Engine.ServerTest\Engine.ServerTest.csproj", "{F8E5162B-DFE4-43E8-B81D-388D7C0DFCFB}"
EndProject
Global
	GlobalSection(SolutionConfigurationPlatforms) = preSolution
		Debug|Any CPU = Debug|Any CPU
		Release|Any CPU = Release|Any CPU
	EndGlobalSection
	GlobalSection(ProjectConfigurationPlatforms) = postSolution
		{268A4355-AAA9-40C2-8DC0-AF754BED0731}.Debug|Any CPU.ActiveCfg = Debug|Any CPU
		{268A4355-AAA9-40C2-8DC0-AF754BED0731}.Debug|Any CPU.Build.0 = Debug|Any CPU
		{268A4355-AAA9-40C2-8DC0-AF754BED0731}.Release|Any CPU.ActiveCfg = Release|Any CPU
		{268A4355-AAA9-40C2-8DC0-AF754BED0731}.Release|Any CPU.Build.0 = Release|Any CPU
		{298FFC6C-6460-4225-B86A-DD1A058F0F5B}.Debug|Any CPU.ActiveCfg = Debug|Any CPU
		{298FFC6C-6460-4225-B86A-DD1A058F0F5B}.Debug|Any CPU.Build.0 = Debug|Any CPU
		{298FFC6C-6460-4225-B86A-DD1A058F0F5B}.Release|Any CPU.ActiveCfg = Release|Any CPU
		{298FFC6C-6460-4225-B86A-DD1A058F0F5B}.Release|Any CPU.Build.0 = Release|Any CPU
		{775473FB-BEA4-4ED5-BA6D-A0BD88FD00F3}.Debug|Any CPU.ActiveCfg = Debug|Any CPU
		{775473FB-BEA4-4ED5-BA6D-A0BD88FD00F3}.Debug|Any CPU.Build.0 = Debug|Any CPU
		{775473FB-BEA4-4ED5-BA6D-A0BD88FD00F3}.Release|Any CPU.ActiveCfg = Release|Any CPU
		{775473FB-BEA4-4ED5-BA6D-A0BD88FD00F3}.Release|Any CPU.Build.0 = Release|Any CPU
		{4F793A0A-D977-4DB2-8027-794A83C98B50}.Debug|Any CPU.ActiveCfg = Debug|Any CPU
		{4F793A0A-D977-4DB2-8027-794A83C98B50}.Debug|Any CPU.Build.0 = Debug|Any CPU
		{4F793A0A-D977-4DB2-8027-794A83C98B50}.Release|Any CPU.ActiveCfg = Release|Any CPU
		{4F793A0A-D977-4DB2-8027-794A83C98B50}.Release|Any CPU.Build.0 = Release|Any CPU
		{9970459F-E074-4FFC-9C4B-66F30A47ACAB}.Debug|Any CPU.ActiveCfg = Debug|Any CPU
		{9970459F-E074-4FFC-9C4B-66F30A47ACAB}.Debug|Any CPU.Build.0 = Debug|Any CPU
		{9970459F-E074-4FFC-9C4B-66F30A47ACAB}.Release|Any CPU.ActiveCfg = Release|Any CPU
		{9970459F-E074-4FFC-9C4B-66F30A47ACAB}.Release|Any CPU.Build.0 = Release|Any CPU
		{B78BE837-936A-40AE-B775-B4B2D6B31AB3}.Debug|Any CPU.ActiveCfg = Debug|Any CPU
		{B78BE837-936A-40AE-B775-B4B2D6B31AB3}.Debug|Any CPU.Build.0 = Debug|Any CPU
		{B78BE837-936A-40AE-B775-B4B2D6B31AB3}.Release|Any CPU.ActiveCfg = Release|Any CPU
		{B78BE837-936A-40AE-B775-B4B2D6B31AB3}.Release|Any CPU.Build.0 = Release|Any CPU
		{730A922B-672C-4858-A1A1-5ED6CE7062AD}.Debug|Any CPU.ActiveCfg = Debug|Any CPU
		{730A922B-672C-4858-A1A1-5ED6CE7062AD}.Debug|Any CPU.Build.0 = Debug|Any CPU
		{730A922B-672C-4858-A1A1-5ED6CE7062AD}.Release|Any CPU.ActiveCfg = Release|Any CPU
		{730A922B-672C-4858-A1A1-5ED6CE7062AD}.Release|Any CPU.Build.0 = Release|Any CPU
		{5133676A-12B3-4726-A7F9-CC378C78285D}.Debug|Any CPU.ActiveCfg = Debug|Any CPU
		{5133676A-12B3-4726-A7F9-CC378C78285D}.Debug|Any CPU.Build.0 = Debug|Any CPU
		{5133676A-12B3-4726-A7F9-CC378C78285D}.Release|Any CPU.ActiveCfg = Release|Any CPU
		{5133676A-12B3-4726-A7F9-CC378C78285D}.Release|Any CPU.Build.0 = Release|Any CPU
		{F8E5162B-DFE4-43E8-B81D-388D7C0DFCFB}.Debug|Any CPU.ActiveCfg = Debug|Any CPU
		{F8E5162B-DFE4-43E8-B81D-388D7C0DFCFB}.Debug|Any CPU.Build.0 = Debug|Any CPU
		{F8E5162B-DFE4-43E8-B81D-388D7C0DFCFB}.Release|Any CPU.ActiveCfg = Release|Any CPU
		{F8E5162B-DFE4-43E8-B81D-388D7C0DFCFB}.Release|Any CPU.Build.0 = Release|Any CPU
	EndGlobalSection
	GlobalSection(SolutionProperties) = preSolution
		HideSolutionNode = FALSE
	EndGlobalSection
	GlobalSection(ExtensibilityGlobals) = postSolution
		SolutionGuid = {037D6612-3B34-49E9-995F-BEE38C3E7B22}
	EndGlobalSection
EndGlobal
